PODS:
  - Flutter (1.0.0)
  - flutter_watch_os_connectivity (1.0.0):
    - Flutter

DEPENDENCIES:
  - Flutter (from `Flutter`)
  - flutter_watch_os_connectivity (from `.symlinks/plugins/flutter_watch_os_connectivity/ios`)

EXTERNAL SOURCES:
  Flutter:
    :path: Flutter
  flutter_watch_os_connectivity:
    :path: ".symlinks/plugins/flutter_watch_os_connectivity/ios"

SPEC CHECKSUMS:
  Flutter: e0871f40cf51350855a761d2e70bf5af5b9b5de7
  flutter_watch_os_connectivity: 2c2f549d6d6d3e71ce19c12da2d64d2691c04861

PODFILE CHECKSUM: 7be2f5f74864d463a8ad433546ed1de7e0f29aef

COCOAPODS: 1.16.2
